{
  "name": "micro-util",
  "version": "1.0.0",
  "lockfileVersion": 1,
  "requires": true,
  "dependencies": {
    "swfobject": {
      "version": "2.2.1",
      "resolved": "https://registry.npmjs.org/swfobject/-/swfobject-2.2.1.tgz",
      "integrity": "sha1-5VRR1d3lllczXIawFzLGGpIyk+I="
    }
  }
}
